{
    "name": "@meetinghand/emoji",
    "version": "0.0.4-alpha.0",
    "lockfileVersion": 1,
    "requires": true,
    "dependencies": {
        "@babel/helper-validator-identifier": {
            "version": "7.14.9",
            "resolved": "https://registry.npmjs.org/@babel/helper-validator-identifier/-/helper-validator-identifier-7.14.9.tgz",
            "integrity": "sha512-pQYxPY0UP6IHISRitNe8bsijHex4TWZXi2HwKVsjPiltzlhse2znVcm9Ace510VT1kxIHjGJCZZQBX2gJDbo0g=="
        },
        "@babel/parser": {
            "version": "7.15.3",
            "resolved": "https://registry.npmjs.org/@babel/parser/-/parser-7.15.3.tgz",
            "integrity": "sha512-O0L6v/HvqbdJawj0iBEfVQMc3/6WP+AeOsovsIgBFyJaG+W2w7eqvZB7puddATmWuARlm1SX7DwxJ/JJUnDpEA=="
        },
        "@babel/types": {
            "version": "7.15.0",
            "resolved": "https://registry.npmjs.org/@babel/types/-/types-7.15.0.tgz",
            "integrity": "sha512-OBvfqnllOIdX4ojTHpwZbpvz4j3EWyjkZEdmjH0/cgsd6QOdSgU8rLSk6ard/pcW7rlmjdVSX/AWOaORR1uNOQ==",
            "requires": {
                "@babel/helper-validator-identifier": "^7.14.9",
                "to-fast-properties": "^2.0.0"
            }
        },
        "@meetinghand/button": {
            "version": "file:../button",
            "requires": {
                "@meetinghand/style": "file:../style"
            },
            "dependencies": {
                "@meetinghand/style": {
                    "version": "file:../style"
                }
            }
        },
        "@meetinghand/style": {
            "version": "file:../style"
        },
        "@vue/compiler-core": {
            "version": "3.2.7",
            "resolved": "https://registry.npmjs.org/@vue/compiler-core/-/compiler-core-3.2.7.tgz",
            "integrity": "sha512-OcWy72QNTkcNYtZIb927pRx2cRujrlDWsAx7ejWDnRzwo83gIyF8NeTrMv/7wbnHoeA+Gga9AK4Wo9PlCzhuLg==",
            "requires": {
                "@babel/parser": "^7.15.0",
                "@babel/types": "^7.15.0",
                "@vue/shared": "3.2.7",
                "estree-walker": "^2.0.2",
                "source-map": "^0.6.1"
            }
        },
        "@vue/compiler-dom": {
            "version": "3.2.7",
            "resolved": "https://registry.npmjs.org/@vue/compiler-dom/-/compiler-dom-3.2.7.tgz",
            "integrity": "sha512-YZyZNoZlTbTMqyY8QMC8IhwmcDVOiE1DdVwjnXbyihg+XVqpGQkDjNcG5nyMTbtZDKXREsYkcjaZntEfKyWK5g==",
            "requires": {
                "@vue/compiler-core": "3.2.7",
                "@vue/shared": "3.2.7"
            }
        },
        "@vue/reactivity": {
            "version": "3.2.7",
            "resolved": "https://registry.npmjs.org/@vue/reactivity/-/reactivity-3.2.7.tgz",
            "integrity": "sha512-VDeQiZs6s5m1W7hIX+vzmokDCHPEKNYrSxoHWXj4MiGamcT5XZxACj/VXOCK9c6qz36qK5EQOfDWtmVhxfI2hQ==",
            "requires": {
                "@vue/shared": "3.2.7"
            }
        },
        "@vue/runtime-core": {
            "version": "3.2.7",
            "resolved": "https://registry.npmjs.org/@vue/runtime-core/-/runtime-core-3.2.7.tgz",
            "integrity": "sha512-vY3XwE671KDFf4onRrQZdRmkT+0Jr6wrifTO+JwrB6Q9hNiB064TgmiBXqoovjuQW5BmJw5Lkz3u+pG8FE8Egw==",
            "requires": {
                "@vue/reactivity": "3.2.7",
                "@vue/shared": "3.2.7"
            }
        },
        "@vue/runtime-dom": {
            "version": "3.2.7",
            "resolved": "https://registry.npmjs.org/@vue/runtime-dom/-/runtime-dom-3.2.7.tgz",
            "integrity": "sha512-yuUmc8haFHrDqoU10JV3Fjd3G5Wz/ID+a/XMs0U68vhDLFsTBejhLX4il8Ga8nv+wrdwuGFwEE8t6APS67PxyA==",
            "requires": {
                "@vue/runtime-core": "3.2.7",
                "@vue/shared": "3.2.7",
                "csstype": "^2.6.8"
            }
        },
        "@vue/shared": {
            "version": "3.2.7",
            "resolved": "https://registry.npmjs.org/@vue/shared/-/shared-3.2.7.tgz",
            "integrity": "sha512-YwGOcNZjOY/MmadpzFBXWyHEwZSf0lVU4XF5zpD7tXC9dmqjdo38Jkk06wATu4LYHDPW4emXKMB5YLFPWPkwFA=="
        },
        "csstype": {
            "version": "2.6.17",
            "resolved": "https://registry.npmjs.org/csstype/-/csstype-2.6.17.tgz",
            "integrity": "sha512-u1wmTI1jJGzCJzWndZo8mk4wnPTZd1eOIYTYvuEyOQGfmDl3TrabCCfKnOC86FZwW/9djqTl933UF/cS425i9A=="
        },
        "estree-walker": {
            "version": "2.0.2",
            "resolved": "https://registry.npmjs.org/estree-walker/-/estree-walker-2.0.2.tgz",
            "integrity": "sha512-Rfkk/Mp/DL7JVje3u18FxFujQlTNR2q6QfMSMB7AvCBx91NGj/ba3kCfza0f6dVDbw7YlRf/nDrn7pQrCCyQ/w=="
        },
        "source-map": {
            "version": "0.6.1",
            "resolved": "https://registry.npmjs.org/source-map/-/source-map-0.6.1.tgz",
            "integrity": "sha512-UjgapumWlbMhkBgzT7Ykc5YXUT46F0iKu8SGXq0bcwP5dz/h0Plj6enJqjz1Zbq2l5WaqYnrVbwWOWMyF3F47g=="
        },
        "to-fast-properties": {
            "version": "2.0.0",
            "resolved": "https://registry.npmjs.org/to-fast-properties/-/to-fast-properties-2.0.0.tgz",
            "integrity": "sha1-3F5pjL0HkmW8c+A3doGk5Og/YW4="
        },
        "vue": {
            "version": "3.2.7",
            "resolved": "https://registry.npmjs.org/vue/-/vue-3.2.7.tgz",
            "integrity": "sha512-kqPYCbvw6rthEA41K45dqxV+C0yrQX24zs1ZmGZTi4Sk6WkzNK8tH4jGd0yAW+lu72E+HQmz0ZhNo6zAT/WKUA==",
            "requires": {
                "@vue/compiler-dom": "3.2.7",
                "@vue/runtime-dom": "3.2.7",
                "@vue/shared": "3.2.7"
            }
        }
    }
}
