{
	"name": "@meetinghand/emoji",
	"version": "0.0.62",
	"lockfileVersion": 2,
	"requires": true,
	"packages": {
		"": {
			"name": "@meetinghand/emoji",
			"version": "0.0.48",
			"dependencies": {
				"@meetinghand/button": "file:../button",
				"@meetinghand/style": "file:../style"
			}
		},
		"../..": {
			"version": "1.0.0",
			"license": "MIT",
			"dependencies": {
				"@vee-validate/rules": "^4.5.7",
				"ant-design-vue": "2.1.4",
				"vee-validate": "^4.5.8",
				"vue": "^3.2.23",
				"yup": "^0.32.11"
			},
			"devDependencies": {
				"@babel/core": "^7.14.0",
				"@storybook/addon-essentials": "^6.3.7",
				"@storybook/addon-links": "^6.3.7",
				"@storybook/addon-postcss": "^2.0.0",
				"@storybook/vue3": "^6.4.4",
				"@vitejs/plugin-vue": "^1.1.1",
				"@vue/compiler-sfc": "^3.2.23",
				"babel-loader": "^8.2.2",
				"chalk": "^4.1.1",
				"css-loader": "^5.2.4",
				"lerna": "^3.22.1",
				"node-sass": "^6.0.1",
				"resolve-url-loader": "^4.0.0",
				"sass": "^1.32.13",
				"sass-loader": "^10",
				"vite": "^2.6.14",
				"vue-loader": "^16.2.0",
				"yargs": "^16.2.0"
			}
		},
		"../button": {
			"name": "@meetinghand/button",
			"version": "0.0.153",
			"dependencies": {
				"@meetinghand/style": "file:../style"
			}
		},
		"../style": {
			"name": "@meetinghand/style",
			"version": "0.0.115"
		},
		"node_modules/@meetinghand/button": {
			"resolved": "../button",
			"link": true
		},
		"node_modules/@meetinghand/style": {
			"resolved": "../style",
			"link": true
		}
	},
	"dependencies": {
		"@meetinghand/button": {
			"version": "file:../button",
			"requires": {
				"@meetinghand/style": "file:../style"
			}
		},
		"@meetinghand/style": {
			"version": "file:../style"
		}
	}
}
