{
    "name": "@meetinghand/questions",
    "version": "0.0.130",
    "lockfileVersion": 2,
    "requires": true,
    "packages": {
        "": {
            "name": "@meetinghand/questions",
            "version": "0.0.107",
            "dependencies": {
                "@meetinghand/banner": "file:../banner",
                "@meetinghand/button": "file:../button",
                "@meetinghand/checkbox": "file:../checkbox",
                "@meetinghand/date-picker": "file:../date-picker",
                "@meetinghand/input": "file:../input",
                "@meetinghand/input-number": "file:../input-number",
                "@meetinghand/radio": "file:../radio",
                "@meetinghand/select": "file:../select",
                "@meetinghand/style": "file:../style",
                "@meetinghand/textarea": "file:../textarea"
            }
        },
        "../banner": {
            "name": "@meetinghand/banner",
            "version": "0.0.131",
            "dependencies": {
                "@meetinghand/style": "file:../style"
            }
        },
        "../button": {
            "name": "@meetinghand/button",
            "version": "0.0.158",
            "dependencies": {
                "@meetinghand/style": "file:../style"
            }
        },
        "../checkbox": {
            "name": "@meetinghand/checkbox",
            "version": "0.0.123",
            "dependencies": {
                "@meetinghand/style": "file:../style"
            }
        },
        "../date-picker": {
            "name": "@meetinghand/date-picker",
            "version": "0.0.132",
            "dependencies": {
                "@meetinghand/style": "file:../style"
            }
        },
        "../input": {
            "name": "@meetinghand/input",
            "version": "0.0.144",
            "dependencies": {
                "@meetinghand/select": "file:../select",
                "@meetinghand/style": "file:../style",
                "@meetinghand/tooltip": "file:../tooltip",
                "cleave.js": "^1.6.0"
            }
        },
        "../input-number": {
            "name": "@meetinghand/input-number",
            "version": "0.0.128",
            "dependencies": {
                "@meetinghand/style": "file:../style",
                "@meetinghand/tooltip": "file:../tooltip",
                "accounting": "^0.4.1"
            },
            "devDependencies": {
                "@types/accounting": "^0.4.1"
            }
        },
        "../radio": {
            "name": "@meetinghand/radio",
            "version": "0.0.136",
            "dependencies": {
                "@meetinghand/button": "file:../button",
                "@meetinghand/style": "file:../style"
            }
        },
        "../select": {
            "name": "@meetinghand/select",
            "version": "0.0.127",
            "dependencies": {
                "@meetinghand/style": "file:../style",
                "lodash": "^4.17.21"
            }
        },
        "../style": {
            "name": "@meetinghand/style",
            "version": "0.0.116"
        },
        "../textarea": {
            "name": "@meetinghand/textarea",
            "version": "0.0.127",
            "dependencies": {
                "@meetinghand/style": "file:../style",
                "@meetinghand/tooltip": "file:../tooltip"
            }
        },
        "node_modules/@meetinghand/banner": {
            "resolved": "../banner",
            "link": true
        },
        "node_modules/@meetinghand/button": {
            "resolved": "../button",
            "link": true
        },
        "node_modules/@meetinghand/checkbox": {
            "resolved": "../checkbox",
            "link": true
        },
        "node_modules/@meetinghand/date-picker": {
            "resolved": "../date-picker",
            "link": true
        },
        "node_modules/@meetinghand/input": {
            "resolved": "../input",
            "link": true
        },
        "node_modules/@meetinghand/input-number": {
            "resolved": "../input-number",
            "link": true
        },
        "node_modules/@meetinghand/radio": {
            "resolved": "../radio",
            "link": true
        },
        "node_modules/@meetinghand/select": {
            "resolved": "../select",
            "link": true
        },
        "node_modules/@meetinghand/style": {
            "resolved": "../style",
            "link": true
        },
        "node_modules/@meetinghand/textarea": {
            "resolved": "../textarea",
            "link": true
        }
    },
    "dependencies": {
        "@meetinghand/banner": {
            "version": "file:../banner",
            "requires": {
                "@meetinghand/style": "file:../style"
            }
        },
        "@meetinghand/button": {
            "version": "file:../button",
            "requires": {
                "@meetinghand/style": "file:../style"
            }
        },
        "@meetinghand/checkbox": {
            "version": "file:../checkbox",
            "requires": {
                "@meetinghand/style": "file:../style"
            }
        },
        "@meetinghand/date-picker": {
            "version": "file:../date-picker",
            "requires": {
                "@meetinghand/style": "file:../style"
            }
        },
        "@meetinghand/input": {
            "version": "file:../input",
            "requires": {
                "@meetinghand/select": "file:../select",
                "@meetinghand/style": "file:../style",
                "@meetinghand/tooltip": "file:../tooltip",
                "cleave.js": "^1.6.0"
            }
        },
        "@meetinghand/input-number": {
            "version": "file:../input-number",
            "requires": {
                "@meetinghand/style": "file:../style",
                "@meetinghand/tooltip": "file:../tooltip",
                "@types/accounting": "^0.4.1",
                "accounting": "^0.4.1"
            }
        },
        "@meetinghand/radio": {
            "version": "file:../radio",
            "requires": {
                "@meetinghand/button": "file:../button",
                "@meetinghand/style": "file:../style"
            }
        },
        "@meetinghand/select": {
            "version": "file:../select",
            "requires": {
                "@meetinghand/style": "file:../style",
                "lodash": "^4.17.21"
            }
        },
        "@meetinghand/style": {
            "version": "file:../style"
        },
        "@meetinghand/textarea": {
            "version": "file:../textarea",
            "requires": {
                "@meetinghand/style": "file:../style",
                "@meetinghand/tooltip": "file:../tooltip"
            }
        }
    }
}
