{
    "name": "@meetinghand/questions",
    "version": "0.0.50-alpha.0",
    "lockfileVersion": 2,
    "requires": true,
    "packages": {
        "": {
            "name": "@meetinghand/questions",
            "version": "0.0.50-alpha.0",
            "dependencies": {
                "@meetinghand/checkbox": "file:../checkbox",
                "@meetinghand/style": "file:../style"
            }
        },
        "../checkbox": {
            "version": "0.0.100-alpha.0",
            "dependencies": {
                "@meetinghand/style": "file:../style"
            }
        },
        "../style": {
            "name": "@meetinghand/style",
            "version": "0.0.95-alpha.0"
        },
        "node_modules/@meetinghand/checkbox": {
            "resolved": "../checkbox",
            "link": true
        },
        "node_modules/@meetinghand/style": {
            "resolved": "../style",
            "link": true
        }
    },
    "dependencies": {
        "@meetinghand/checkbox": {
            "version": "file:../checkbox",
            "requires": {
                "@meetinghand/style": "file:../style"
            }
        },
        "@meetinghand/style": {
            "version": "file:../style"
        }
    }
}
