{
    "name": "@meetinghand/button",
    "version": "0.0.166",
    "lockfileVersion": 2,
    "requires": true,
    "packages": {
        "": {
            "name": "@meetinghand/button",
            "version": "0.0.165",
            "dependencies": {
                "@meetinghand/style": "file:../style"
            }
        },
        "../style": {
            "version": "0.0.120"
        },
        "node_modules/@meetinghand/style": {
            "resolved": "../style",
            "link": true
        }
    },
    "dependencies": {
        "@meetinghand/style": {
            "version": "file:../style"
        }
    }
}
