{
    "name": "@meetinghand/banner",
    "version": "0.0.136",
    "lockfileVersion": 2,
    "requires": true,
    "packages": {
        "": {
            "name": "@meetinghand/banner",
            "version": "0.0.129",
            "dependencies": {
                "@meetinghand/style": "file:../style"
            }
        },
        "../button": {
            "name": "@meetinghand/button",
            "version": "0.0.153",
            "extraneous": true,
            "dependencies": {
                "@meetinghand/style": "file:../style"
            }
        },
        "../style": {
            "name": "@meetinghand/style",
            "version": "0.0.115"
        },
        "node_modules/@meetinghand/style": {
            "resolved": "../style",
            "link": true
        }
    },
    "dependencies": {
        "@meetinghand/style": {
            "version": "file:../style"
        }
    }
}
