{
	"name": "@meetinghand/textarea",
	"version": "0.0.134",
	"lockfileVersion": 2,
	"requires": true,
	"packages": {
		"": {
			"name": "@meetinghand/textarea",
			"version": "0.0.133",
			"dependencies": {
				"@meetinghand/style": "file:../style",
				"@meetinghand/tooltip": "file:../tooltip"
			}
		},
		"../style": {
			"version": "0.0.120"
		},
		"../tooltip": {
			"version": "0.0.123",
			"dependencies": {
				"@meetinghand/style": "file:../style"
			}
		},
		"node_modules/@meetinghand/style": {
			"resolved": "../style",
			"link": true
		},
		"node_modules/@meetinghand/tooltip": {
			"resolved": "../tooltip",
			"link": true
		}
	},
	"dependencies": {
		"@meetinghand/style": {
			"version": "file:../style"
		},
		"@meetinghand/tooltip": {
			"version": "file:../tooltip",
			"requires": {
				"@meetinghand/style": "file:../style"
			}
		}
	}
}
