{
    "name": "@meetinghand/input",
    "version": "0.0.154",
    "lockfileVersion": 2,
    "requires": true,
    "packages": {
        "": {
            "name": "@meetinghand/input",
            "version": "0.0.137",
            "dependencies": {
                "@meetinghand/select": "file:../select",
                "@meetinghand/style": "file:../style",
                "@meetinghand/tooltip": "file:../tooltip",
                "cleave.js": "^1.6.0"
            }
        },
        "../select": {
            "name": "@meetinghand/select",
            "version": "0.0.123",
            "dependencies": {
                "lodash": "^4.17.21"
            }
        },
        "../style": {
            "name": "@meetinghand/style",
            "version": "0.0.115"
        },
        "../tooltip": {
            "name": "@meetinghand/tooltip",
            "version": "0.0.116",
            "dependencies": {
                "@meetinghand/style": "file:../style"
            }
        },
        "node_modules/@meetinghand/select": {
            "resolved": "../select",
            "link": true
        },
        "node_modules/@meetinghand/style": {
            "resolved": "../style",
            "link": true
        },
        "node_modules/@meetinghand/tooltip": {
            "resolved": "../tooltip",
            "link": true
        },
        "node_modules/cleave.js": {
            "version": "1.6.0",
            "resolved": "https://registry.npmjs.org/cleave.js/-/cleave.js-1.6.0.tgz",
            "integrity": "sha512-ivqesy3j5hQVG3gywPfwKPbi/7ZSftY/UNp5uphnqjr25yI2CP8FS2ODQPzuLXXnNLi29e2+PgPkkiKUXLs/Nw=="
        }
    },
    "dependencies": {
        "@meetinghand/select": {
            "version": "file:../select",
            "requires": {
                "lodash": "^4.17.21"
            }
        },
        "@meetinghand/style": {
            "version": "file:../style"
        },
        "@meetinghand/tooltip": {
            "version": "file:../tooltip",
            "requires": {
                "@meetinghand/style": "file:../style"
            }
        },
        "cleave.js": {
            "version": "1.6.0",
            "resolved": "https://registry.npmjs.org/cleave.js/-/cleave.js-1.6.0.tgz",
            "integrity": "sha512-ivqesy3j5hQVG3gywPfwKPbi/7ZSftY/UNp5uphnqjr25yI2CP8FS2ODQPzuLXXnNLi29e2+PgPkkiKUXLs/Nw=="
        }
    }
}
