{
    "name": "@meetinghand/input",
    "version": "0.0.157",
    "lockfileVersion": 2,
    "requires": true,
    "packages": {
        "": {
            "name": "@meetinghand/input",
            "version": "0.0.157",
            "dependencies": {
                "@meetinghand/select": "^0.0.139",
                "@meetinghand/style": "^0.0.120",
                "@meetinghand/tooltip": "^0.0.123",
                "cleave.js": "^1.6.0"
            }
        },
        "node_modules/@meetinghand/select": {
            "version": "0.0.139",
            "resolved": "https://registry.npmjs.org/@meetinghand/select/-/select-0.0.139.tgz",
            "integrity": "sha512-8BZj08EYwASbd4GKw9+m3nKMrKuLMj206c4UmmEVnK6Ltd1dfnM3Qrj+AcszvBt5qFOYOQAHa4iPsAmQlwMGkQ==",
            "dependencies": {
                "@meetinghand/style": "^0.0.120",
                "lodash": "^4.17.21"
            }
        },
        "node_modules/@meetinghand/style": {
            "version": "0.0.120",
            "resolved": "https://registry.npmjs.org/@meetinghand/style/-/style-0.0.120.tgz",
            "integrity": "sha512-VAFmlsk3KZFN/LOpwKVVN7jgaJgSb3lagSzKaicQI8rWHrpSUhmQ3BXQIP41YVJCzLw3KmiP7zVgW5d8qPGc+g=="
        },
        "node_modules/@meetinghand/tooltip": {
            "version": "0.0.123",
            "resolved": "https://registry.npmjs.org/@meetinghand/tooltip/-/tooltip-0.0.123.tgz",
            "integrity": "sha512-9JXL6KOUFFfmDWKnLOVDp2sksVPI7xskEH6eHyS665oOCrVvYtbWHIVGDuBxzNVHAlewgX3/iFGCXOzbgRoPkQ==",
            "dependencies": {
                "@meetinghand/style": "^0.0.120"
            }
        },
        "node_modules/cleave.js": {
            "version": "1.6.0",
            "resolved": "https://registry.npmjs.org/cleave.js/-/cleave.js-1.6.0.tgz",
            "integrity": "sha512-ivqesy3j5hQVG3gywPfwKPbi/7ZSftY/UNp5uphnqjr25yI2CP8FS2ODQPzuLXXnNLi29e2+PgPkkiKUXLs/Nw=="
        },
        "node_modules/lodash": {
            "version": "4.17.21",
            "resolved": "https://registry.npmjs.org/lodash/-/lodash-4.17.21.tgz",
            "integrity": "sha512-v2kDEe57lecTulaDIuNTPy3Ry4gLGJ6Z1O3vE1krgXZNrsQ+LFTGHVxVjcXPs17LhbZVGedAJv8XZ1tvj5FvSg=="
        }
    },
    "dependencies": {
        "@meetinghand/select": {
            "version": "0.0.139",
            "resolved": "https://registry.npmjs.org/@meetinghand/select/-/select-0.0.139.tgz",
            "integrity": "sha512-8BZj08EYwASbd4GKw9+m3nKMrKuLMj206c4UmmEVnK6Ltd1dfnM3Qrj+AcszvBt5qFOYOQAHa4iPsAmQlwMGkQ==",
            "requires": {
                "@meetinghand/style": "^0.0.120",
                "lodash": "^4.17.21"
            }
        },
        "@meetinghand/style": {
            "version": "0.0.120",
            "resolved": "https://registry.npmjs.org/@meetinghand/style/-/style-0.0.120.tgz",
            "integrity": "sha512-VAFmlsk3KZFN/LOpwKVVN7jgaJgSb3lagSzKaicQI8rWHrpSUhmQ3BXQIP41YVJCzLw3KmiP7zVgW5d8qPGc+g=="
        },
        "@meetinghand/tooltip": {
            "version": "0.0.123",
            "resolved": "https://registry.npmjs.org/@meetinghand/tooltip/-/tooltip-0.0.123.tgz",
            "integrity": "sha512-9JXL6KOUFFfmDWKnLOVDp2sksVPI7xskEH6eHyS665oOCrVvYtbWHIVGDuBxzNVHAlewgX3/iFGCXOzbgRoPkQ==",
            "requires": {
                "@meetinghand/style": "^0.0.120"
            }
        },
        "cleave.js": {
            "version": "1.6.0",
            "resolved": "https://registry.npmjs.org/cleave.js/-/cleave.js-1.6.0.tgz",
            "integrity": "sha512-ivqesy3j5hQVG3gywPfwKPbi/7ZSftY/UNp5uphnqjr25yI2CP8FS2ODQPzuLXXnNLi29e2+PgPkkiKUXLs/Nw=="
        },
        "lodash": {
            "version": "4.17.21",
            "resolved": "https://registry.npmjs.org/lodash/-/lodash-4.17.21.tgz",
            "integrity": "sha512-v2kDEe57lecTulaDIuNTPy3Ry4gLGJ6Z1O3vE1krgXZNrsQ+LFTGHVxVjcXPs17LhbZVGedAJv8XZ1tvj5FvSg=="
        }
    }
}
