{
    "name": "@meetinghand/input",
    "version": "0.0.162",
    "lockfileVersion": 2,
    "requires": true,
    "packages": {
        "": {
            "name": "@meetinghand/input",
            "version": "0.0.160",
            "dependencies": {
                "@meetinghand/select": "^0.0.142",
                "@meetinghand/style": "file:../style",
                "@meetinghand/tooltip": "^0.0.126",
                "cleave.js": "^1.6.0"
            }
        },
        "../style": {
            "version": "0.0.123",
            "dependencies": {
                "vue-inline-svg": "^3.1.0"
            }
        },
        "node_modules/@meetinghand/select": {
            "version": "0.0.142",
            "resolved": "https://registry.npmjs.org/@meetinghand/select/-/select-0.0.142.tgz",
            "integrity": "sha512-tptIL838mrxgfgIFnepdmfVSnO4hmxL8U7eU7Wt3SHatP7/swaNMOXPHY4oDczrWP8/dlnReyAdE1Gozu6LtjA==",
            "dependencies": {
                "@meetinghand/style": "^0.0.123",
                "lodash": "^4.17.21"
            }
        },
        "node_modules/@meetinghand/style": {
            "resolved": "../style",
            "link": true
        },
        "node_modules/@meetinghand/tooltip": {
            "version": "0.0.126",
            "resolved": "https://registry.npmjs.org/@meetinghand/tooltip/-/tooltip-0.0.126.tgz",
            "integrity": "sha512-0qeqJ9U7nLVeAruATGi60eFvo6/qiCjU29S9kfw5FHZ7RjTCvR+oylZgFJHuKxI0Lh3UW02kyuuud5C5EczB+Q==",
            "dependencies": {
                "@meetinghand/style": "^0.0.123"
            }
        },
        "node_modules/cleave.js": {
            "version": "1.6.0",
            "resolved": "https://registry.npmjs.org/cleave.js/-/cleave.js-1.6.0.tgz",
            "integrity": "sha512-ivqesy3j5hQVG3gywPfwKPbi/7ZSftY/UNp5uphnqjr25yI2CP8FS2ODQPzuLXXnNLi29e2+PgPkkiKUXLs/Nw=="
        },
        "node_modules/lodash": {
            "version": "4.17.21",
            "resolved": "https://registry.npmjs.org/lodash/-/lodash-4.17.21.tgz",
            "integrity": "sha512-v2kDEe57lecTulaDIuNTPy3Ry4gLGJ6Z1O3vE1krgXZNrsQ+LFTGHVxVjcXPs17LhbZVGedAJv8XZ1tvj5FvSg=="
        }
    },
    "dependencies": {
        "@meetinghand/select": {
            "version": "0.0.142",
            "resolved": "https://registry.npmjs.org/@meetinghand/select/-/select-0.0.142.tgz",
            "integrity": "sha512-tptIL838mrxgfgIFnepdmfVSnO4hmxL8U7eU7Wt3SHatP7/swaNMOXPHY4oDczrWP8/dlnReyAdE1Gozu6LtjA==",
            "requires": {
                "@meetinghand/style": "^0.0.123",
                "lodash": "^4.17.21"
            }
        },
        "@meetinghand/style": {
            "version": "file:../style",
            "requires": {
                "vue-inline-svg": "^3.1.0"
            }
        },
        "@meetinghand/tooltip": {
            "version": "0.0.126",
            "resolved": "https://registry.npmjs.org/@meetinghand/tooltip/-/tooltip-0.0.126.tgz",
            "integrity": "sha512-0qeqJ9U7nLVeAruATGi60eFvo6/qiCjU29S9kfw5FHZ7RjTCvR+oylZgFJHuKxI0Lh3UW02kyuuud5C5EczB+Q==",
            "requires": {
                "@meetinghand/style": "^0.0.123"
            }
        },
        "cleave.js": {
            "version": "1.6.0",
            "resolved": "https://registry.npmjs.org/cleave.js/-/cleave.js-1.6.0.tgz",
            "integrity": "sha512-ivqesy3j5hQVG3gywPfwKPbi/7ZSftY/UNp5uphnqjr25yI2CP8FS2ODQPzuLXXnNLi29e2+PgPkkiKUXLs/Nw=="
        },
        "lodash": {
            "version": "4.17.21",
            "resolved": "https://registry.npmjs.org/lodash/-/lodash-4.17.21.tgz",
            "integrity": "sha512-v2kDEe57lecTulaDIuNTPy3Ry4gLGJ6Z1O3vE1krgXZNrsQ+LFTGHVxVjcXPs17LhbZVGedAJv8XZ1tvj5FvSg=="
        }
    }
}
