{
    "name": "@meetinghand/submission-preview",
    "version": "0.0.7-alpha.0",
    "lockfileVersion": 2,
    "requires": true,
    "packages": {
        "": {
            "name": "@meetinghand/submission-preview",
            "version": "0.0.0",
            "dependencies": {
                "@meetinghand/button": "file:../button",
                "@meetinghand/style": "file:../style"
            }
        },
        "../button": {
            "version": "0.0.123-alpha.0",
            "dependencies": {
                "@meetinghand/style": "file:../style"
            }
        },
        "../style": {
            "name": "@meetinghand/style",
            "version": "0.0.88-alpha.0"
        },
        "node_modules/@meetinghand/button": {
            "resolved": "../button",
            "link": true
        },
        "node_modules/@meetinghand/style": {
            "resolved": "../style",
            "link": true
        }
    },
    "dependencies": {
        "@meetinghand/button": {
            "version": "file:../button",
            "requires": {
                "@meetinghand/style": "file:../style"
            }
        },
        "@meetinghand/style": {
            "version": "file:../style"
        }
    }
}
