{
    "name": "@meetinghand/input-number",
    "version": "0.0.28-alpha.0",
    "lockfileVersion": 1,
    "requires": true,
    "dependencies": {
        "@meetinghand/style": {
            "version": "file:../style"
        },
        "accounting-js": {
            "version": "1.1.1",
            "resolved": "https://registry.npmjs.org/accounting-js/-/accounting-js-1.1.1.tgz",
            "integrity": "sha1-f+Sz9wwB6+C4XALF8QfxOTuIDJ4=",
            "dev": true,
            "requires": {
                "is-string": "^1.0.4",
                "object-assign": "^4.0.1"
            }
        },
        "is-string": {
            "version": "1.0.6",
            "resolved": "https://registry.npmjs.org/is-string/-/is-string-1.0.6.tgz",
            "integrity": "sha512-2gdzbKUuqtQ3lYNrUTQYoClPhm7oQu4UdpSZMp1/DGgkHBT8E2Z1l0yMdb6D4zNAxwDiMv8MdulKROJGNl0Q0w==",
            "dev": true
        },
        "object-assign": {
            "version": "4.1.1",
            "resolved": "https://registry.npmjs.org/object-assign/-/object-assign-4.1.1.tgz",
            "integrity": "sha1-IQmtx5ZYh8/AXLvUQsrIv7s2CGM=",
            "dev": true
        }
    }
}
