{
    "name": "@meetinghand/input-number",
    "version": "0.0.133",
    "lockfileVersion": 2,
    "requires": true,
    "packages": {
        "": {
            "name": "@meetinghand/input-number",
            "version": "0.0.124",
            "dependencies": {
                "@meetinghand/style": "file:../style",
                "@meetinghand/tooltip": "file:../tooltip",
                "accounting": "^0.4.1"
            },
            "devDependencies": {
                "@types/accounting": "^0.4.1"
            }
        },
        "../style": {
            "name": "@meetinghand/style",
            "version": "0.0.115"
        },
        "../tooltip": {
            "name": "@meetinghand/tooltip",
            "version": "0.0.116",
            "dependencies": {
                "@meetinghand/style": "file:../style"
            }
        },
        "node_modules/@meetinghand/style": {
            "resolved": "../style",
            "link": true
        },
        "node_modules/@meetinghand/tooltip": {
            "resolved": "../tooltip",
            "link": true
        },
        "node_modules/@types/accounting": {
            "version": "0.4.2",
            "resolved": "https://registry.npmjs.org/@types/accounting/-/accounting-0.4.2.tgz",
            "integrity": "sha512-M8W6tsLZguGdRaSQMmg58PUM/5HgoDuBGVyMiYNGi0FZkLzJDjUBGGYRYj1J9OWELCTqfux+ogVyKObCzfWJgg==",
            "dev": true
        },
        "node_modules/accounting": {
            "version": "0.4.1",
            "resolved": "https://registry.npmjs.org/accounting/-/accounting-0.4.1.tgz",
            "integrity": "sha1-h91BA+/39EYPHhhvXGd+1s9WaIM="
        }
    },
    "dependencies": {
        "@meetinghand/style": {
            "version": "file:../style"
        },
        "@meetinghand/tooltip": {
            "version": "file:../tooltip",
            "requires": {
                "@meetinghand/style": "file:../style"
            }
        },
        "@types/accounting": {
            "version": "0.4.2",
            "resolved": "https://registry.npmjs.org/@types/accounting/-/accounting-0.4.2.tgz",
            "integrity": "sha512-M8W6tsLZguGdRaSQMmg58PUM/5HgoDuBGVyMiYNGi0FZkLzJDjUBGGYRYj1J9OWELCTqfux+ogVyKObCzfWJgg==",
            "dev": true
        },
        "accounting": {
            "version": "0.4.1",
            "resolved": "https://registry.npmjs.org/accounting/-/accounting-0.4.1.tgz",
            "integrity": "sha1-h91BA+/39EYPHhhvXGd+1s9WaIM="
        }
    }
}
