{
	"name": "@meetinghand/color-picker",
	"version": "0.0.115",
	"lockfileVersion": 2,
	"requires": true,
	"packages": {
		"": {
			"name": "@meetinghand/color-picker",
			"version": "0.0.115",
			"dependencies": {
				"@ckpack/vue-color": "0.0.3",
				"@meetinghand/style": "file:../style"
			}
		},
		"../style": {
			"name": "@meetinghand/style",
			"version": "0.0.115"
		},
		"node_modules/@ckpack/vue-color": {
			"version": "0.0.3",
			"resolved": "https://registry.npmjs.org/@ckpack/vue-color/-/vue-color-0.0.3.tgz",
			"integrity": "sha512-UAVYBLbE6vLZRB+UEkYU3QMBrHc8UJGbckRSASgs5x1GKLdH/hg1wwrg0vHtYhBkKze+GrSCc91V1dvoFTY6Kw==",
			"engines": {
				"node": ">=12"
			},
			"peerDependencies": {
				"vue": "^3.0.5"
			}
		},
		"node_modules/@meetinghand/style": {
			"resolved": "../style",
			"link": true
		}
	},
	"dependencies": {
		"@ckpack/vue-color": {
			"version": "0.0.3",
			"resolved": "https://registry.npmjs.org/@ckpack/vue-color/-/vue-color-0.0.3.tgz",
			"integrity": "sha512-UAVYBLbE6vLZRB+UEkYU3QMBrHc8UJGbckRSASgs5x1GKLdH/hg1wwrg0vHtYhBkKze+GrSCc91V1dvoFTY6Kw==",
			"requires": {}
		},
		"@meetinghand/style": {
			"version": "file:../style"
		}
	}
}
