{
    "name": "@meetinghand/color-picker",
    "version": "0.0.50-alpha.0",
    "lockfileVersion": 1,
    "requires": true,
    "dependencies": {
        "@ckpack/vue-color": {
            "version": "0.0.3",
            "resolved": "https://registry.npmjs.org/@ckpack/vue-color/-/vue-color-0.0.3.tgz",
            "integrity": "sha512-UAVYBLbE6vLZRB+UEkYU3QMBrHc8UJGbckRSASgs5x1GKLdH/hg1wwrg0vHtYhBkKze+GrSCc91V1dvoFTY6Kw=="
        },
        "@meetinghand/style": {
            "version": "file:../style"
        }
    }
}
