{
    "name": "@meetinghand/select",
    "version": "0.0.137",
    "lockfileVersion": 2,
    "requires": true,
    "packages": {
        "": {
            "name": "@meetinghand/select",
            "version": "0.0.137",
            "dependencies": {
                "@meetinghand/style": "^0.0.119",
                "lodash": "^4.17.21"
            }
        },
        "../style": {
            "name": "@meetinghand/style",
            "version": "0.0.119"
        },
        "node_modules/@meetinghand/style": {
            "resolved": "../style",
            "link": true
        },
        "node_modules/lodash": {
            "version": "4.17.21",
            "resolved": "https://registry.npmjs.org/lodash/-/lodash-4.17.21.tgz",
            "integrity": "sha512-v2kDEe57lecTulaDIuNTPy3Ry4gLGJ6Z1O3vE1krgXZNrsQ+LFTGHVxVjcXPs17LhbZVGedAJv8XZ1tvj5FvSg=="
        }
    },
    "dependencies": {
        "@meetinghand/style": {
            "version": "file:../style"
        },
        "lodash": {
            "version": "4.17.21",
            "resolved": "https://registry.npmjs.org/lodash/-/lodash-4.17.21.tgz",
            "integrity": "sha512-v2kDEe57lecTulaDIuNTPy3Ry4gLGJ6Z1O3vE1krgXZNrsQ+LFTGHVxVjcXPs17LhbZVGedAJv8XZ1tvj5FvSg=="
        }
    }
}
