{
    "name": "@meetinghand/select",
    "version": "0.0.140",
    "lockfileVersion": 2,
    "requires": true,
    "packages": {
        "": {
            "name": "@meetinghand/select",
            "version": "0.0.140",
            "dependencies": {
                "@meetinghand/style": "^0.0.121",
                "lodash": "^4.17.21"
            }
        },
        "node_modules/@meetinghand/style": {
            "version": "0.0.121",
            "resolved": "https://registry.npmjs.org/@meetinghand/style/-/style-0.0.121.tgz",
            "integrity": "sha512-ky38CLgFDnvpIHiPCtwZ09K021TRPD7M/A2t9c4ABi/5sl15ll3UXsAPRszDU+m0GdRXWhJKFcW1/nCa9szvxg=="
        },
        "node_modules/lodash": {
            "version": "4.17.21",
            "resolved": "https://registry.npmjs.org/lodash/-/lodash-4.17.21.tgz",
            "integrity": "sha512-v2kDEe57lecTulaDIuNTPy3Ry4gLGJ6Z1O3vE1krgXZNrsQ+LFTGHVxVjcXPs17LhbZVGedAJv8XZ1tvj5FvSg=="
        }
    },
    "dependencies": {
        "@meetinghand/style": {
            "version": "0.0.121",
            "resolved": "https://registry.npmjs.org/@meetinghand/style/-/style-0.0.121.tgz",
            "integrity": "sha512-ky38CLgFDnvpIHiPCtwZ09K021TRPD7M/A2t9c4ABi/5sl15ll3UXsAPRszDU+m0GdRXWhJKFcW1/nCa9szvxg=="
        },
        "lodash": {
            "version": "4.17.21",
            "resolved": "https://registry.npmjs.org/lodash/-/lodash-4.17.21.tgz",
            "integrity": "sha512-v2kDEe57lecTulaDIuNTPy3Ry4gLGJ6Z1O3vE1krgXZNrsQ+LFTGHVxVjcXPs17LhbZVGedAJv8XZ1tvj5FvSg=="
        }
    }
}
