{
    "name": "@meetinghand/select",
    "version": "0.0.139",
    "lockfileVersion": 2,
    "requires": true,
    "packages": {
        "": {
            "name": "@meetinghand/select",
            "version": "0.0.139",
            "dependencies": {
                "@meetinghand/style": "^0.0.120",
                "lodash": "^4.17.21"
            }
        },
        "node_modules/@meetinghand/style": {
            "version": "0.0.120",
            "resolved": "https://registry.npmjs.org/@meetinghand/style/-/style-0.0.120.tgz",
            "integrity": "sha512-VAFmlsk3KZFN/LOpwKVVN7jgaJgSb3lagSzKaicQI8rWHrpSUhmQ3BXQIP41YVJCzLw3KmiP7zVgW5d8qPGc+g=="
        },
        "node_modules/lodash": {
            "version": "4.17.21",
            "resolved": "https://registry.npmjs.org/lodash/-/lodash-4.17.21.tgz",
            "integrity": "sha512-v2kDEe57lecTulaDIuNTPy3Ry4gLGJ6Z1O3vE1krgXZNrsQ+LFTGHVxVjcXPs17LhbZVGedAJv8XZ1tvj5FvSg=="
        }
    },
    "dependencies": {
        "@meetinghand/style": {
            "version": "0.0.120",
            "resolved": "https://registry.npmjs.org/@meetinghand/style/-/style-0.0.120.tgz",
            "integrity": "sha512-VAFmlsk3KZFN/LOpwKVVN7jgaJgSb3lagSzKaicQI8rWHrpSUhmQ3BXQIP41YVJCzLw3KmiP7zVgW5d8qPGc+g=="
        },
        "lodash": {
            "version": "4.17.21",
            "resolved": "https://registry.npmjs.org/lodash/-/lodash-4.17.21.tgz",
            "integrity": "sha512-v2kDEe57lecTulaDIuNTPy3Ry4gLGJ6Z1O3vE1krgXZNrsQ+LFTGHVxVjcXPs17LhbZVGedAJv8XZ1tvj5FvSg=="
        }
    }
}
