{
    "name": "@meetinghand/notification",
    "version": "0.0.119-alpha.0",
    "lockfileVersion": 1,
    "requires": true,
    "dependencies": {
        "@meetinghand/button": {
            "version": "file:../button",
            "requires": {
                "@meetinghand/style": "file:../style"
            },
            "dependencies": {
                "@meetinghand/style": {
                    "version": "file:../style"
                }
            }
        },
        "@meetinghand/style": {
            "version": "file:../style"
        }
    }
}
