{
	"name": "@meetinghand/notification",
	"version": "0.0.128",
	"lockfileVersion": 2,
	"requires": true,
	"packages": {
		"": {
			"name": "@meetinghand/notification",
			"version": "0.0.126",
			"dependencies": {
				"@meetinghand/button": "file:../button",
				"@meetinghand/style": "file:../style"
			}
		},
		"../button": {
			"version": "0.0.151",
			"dependencies": {
				"@meetinghand/style": "file:../style"
			}
		},
		"../style": {
			"version": "0.0.113"
		},
		"node_modules/@meetinghand/button": {
			"resolved": "../button",
			"link": true
		},
		"node_modules/@meetinghand/style": {
			"resolved": "../style",
			"link": true
		}
	},
	"dependencies": {
		"@meetinghand/button": {
			"version": "file:../button",
			"requires": {
				"@meetinghand/style": "file:../style"
			}
		},
		"@meetinghand/style": {
			"version": "file:../style"
		}
	}
}
